# This file is autogenerated, do not edit; changes may be undone by the next 'dep ensure'.


[[projects]]
  digest = "1:63bd62f5b57c55f0e07c9f8a76d841c7fa74905cc3cb6b8a55e923450f4bee81"
  name = "github.com/codegangsta/inject"
  packages = ["."]
  pruneopts = "UT"
  revision = "37d7f8432a3e684eef9b2edece76bdfa6ac85b39"
  version = "v1.0-rc1"

[[projects]]
  digest = "1:275990a68fda901ee42e120ee4c819118deefbfa6bc5562df4d0e9337b4a30e4"
  name = "github.com/go-martini/martini"
  packages = ["."]
  pruneopts = "UT"
  revision = "49411a5b646861ad29a6ddd5351717a0a9c49b94"
  version = "v1.0"

[[projects]]
  digest = "1:ec6f9bf5e274c833c911923c9193867f3f18788c461f76f05f62bb1510e0ae65"
  name = "github.com/go-sql-driver/mysql"
  packages = ["."]
  pruneopts = "UT"
  revision = "72cd26f257d44c1114970e19afddcd812016007e"
  version = "v1.4.1"

[[projects]]
  digest = "1:cef043bd5b80782d55de321d4ffc86af97b8382794c31d0119c139b258e37ea7"
  name = "github.com/jinzhu/gorm"
  packages = [
    ".",
    "dialects/mysql",
  ]
  pruneopts = "UT"
  revision = "01b66011427614f01e84a473b0303c917179f2a0"
  version = "v1.9.9"

[[projects]]
  digest = "1:01ed62f8f4f574d8aff1d88caee113700a2b44c42351943fa73cc1808f736a50"
  name = "github.com/jinzhu/inflection"
  packages = ["."]
  pruneopts = "UT"
  revision = "f5c5f50e6090ae76a29240b61ae2a90dd810112e"
  version = "v1.0.0"

[[projects]]
  branch = "master"
  digest = "1:d62930aa74b06609f97f5d611cbeb06ccc7af4f380c625fe163804207d69fb4a"
  name = "github.com/martini-contrib/binding"
  packages = ["."]
  pruneopts = "UT"
  revision = "05d3e151b6cf34dacac6306226a33db68459a3b5"

[[projects]]
  branch = "master"
  digest = "1:9b774ba49d1ba0fcbd64c39d1d389ca045633453b373bc034977d936965dfa87"
  name = "github.com/martini-contrib/render"
  packages = ["."]
  pruneopts = "UT"
  revision = "ec18f8345a1181146728238980606fb1d6f40e8c"

[[projects]]
  branch = "master"
  digest = "1:8ad686b49b509bf03549281c04b5fe11f609e9b12bf34a0690acad8cecc94f15"
  name = "github.com/oxtoacart/bpool"
  packages = ["."]
  pruneopts = "UT"
  revision = "03653db5a59cd88b481403d312d7c324b56af377"

[[projects]]
  digest = "1:c25289f43ac4a68d88b02245742347c94f1e108c534dda442188015ff80669b3"
  name = "google.golang.org/appengine"
  packages = ["cloudsql"]
  pruneopts = "UT"
  revision = "b2f4a3cf3c67576a2ee09e1fe62656a5086ce880"
  version = "v1.6.1"

[solve-meta]
  analyzer-name = "dep"
  analyzer-version = 1
  input-imports = [
    "github.com/go-martini/martini",
    "github.com/jinzhu/gorm",
    "github.com/jinzhu/gorm/dialects/mysql",
    "github.com/martini-contrib/binding",
    "github.com/martini-contrib/render",
  ]
  solver-name = "gps-cdcl"
  solver-version = 1
